{
  "name": "05-bitly-consumer",
  "version": "1.0.0",
  "lockfileVersion": 3,
  "requires": true,
  "packages": {
    "": {
      "name": "05-bitly-consumer",
      "version": "1.0.0",
      "license": "ISC",
      "dependencies": {
        "shortener-shaharsol": "~2.0.0"
      }
    },
    "node_modules/shortener-shaharsol": {
      "version": "2.0.0",
      "resolved": "https://registry.npmjs.org/shortener-shaharsol/-/shortener-shaharsol-2.0.0.tgz",
      "integrity": "sha512-SXGmjA2k5eIZs8kpm0JVcmPJ/BiR8Vxq0cNLUZNfCcX0/26mAxItip35gpYAX/V8nakWpeLK1WsNHvjaY1rqFw==",
      "license": "ISC"
    }
  }
}
