{
  "name": "16-use-ts-npm",
  "version": "1.0.0",
  "lockfileVersion": 3,
  "requires": true,
  "packages": {
    "": {
      "name": "16-use-ts-npm",
      "version": "1.0.0",
      "license": "ISC",
      "dependencies": {
        "socket-messages-moon-shaharsol": "^1.0.0"
      }
    },
    "node_modules/socket-messages-moon-shaharsol": {
      "version": "1.0.0",
      "resolved": "https://registry.npmjs.org/socket-messages-moon-shaharsol/-/socket-messages-moon-shaharsol-1.0.0.tgz",
      "integrity": "sha512-CWIx+CO3ZOrZGi6WI0+MzVWQpTIA/SPxslnCNOZsgmV1eOfYCrahNkX9DHOAYGf+EXIuiuUGha9Axr5wpNawfw==",
      "license": "ISC"
    }
  }
}
